#MicroXplorer Configuration settings - do not modify
File.Version=6
GPIO.groupedBy=
Mcu.CPN=STM32F103C8T6
Mcu.Family=STM32F1
Mcu.IP0=ADC1
Mcu.IP1=GPIO
Mcu.IP2=I2C1
Mcu.IP3=NVIC
Mcu.IP4=RCC
Mcu.IP5=SPI1
Mcu.IP6=SYS
Mcu.IP7=TIM2
Mcu.IP8=USART1
Mcu.IPNb=9
Mcu.Name=STM32F103C(8-B)Tx
Mcu.Package=LQFP48
Mcu.Pin0=PA0-WKUP
Mcu.Pin1=PA1
Mcu.Pin2=PA5
Mcu.Pin3=PA6
Mcu.Pin4=PA7
Mcu.Pin5=PA9
Mcu.Pin6=PA10
Mcu.Pin7=PA13
Mcu.Pin8=PA14
Mcu.Pin9=PB6
Mcu.Pin10=PB7
Mcu.Pin11=PC13-TAMPER-RTC
Mcu.Pin12=PD0-OSC_IN
Mcu.Pin13=PD1-OSC_OUT
Mcu.Pin14=VP_SYS_VS_Systick
Mcu.PinsNb=15
PA0-WKUP.Signal=ADC1_IN0
PA1.Signal=TIM2_CH2
PA5.Signal=SPI1_SCK
PA6.Signal=SPI1_MISO
PA7.Signal=SPI1_MOSI
PA9.Signal=USART1_TX
PA10.Signal=USART1_RX
PA13.Mode=Serial_Wire
PA13.Signal=SYS_JTMS-SWDIO
PA14.Mode=Serial_Wire
PA14.Signal=SYS_JTCK-SWCLK
PB6.Mode=I2C
PB6.Signal=I2C1_SCL
PB7.Mode=I2C
PB7.Signal=I2C1_SDA
PC13-TAMPER-RTC.GPIO_OutputLevel=GPIO_PIN_RESET
PC13-TAMPER-RTC.GPIO_Speed=GPIO_SPEED_FREQ_LOW
PC13-TAMPER-RTC.Locked=true
PC13-TAMPER-RTC.Signal=GPIO_Output
PD0-OSC_IN.Mode=HSE-External-Oscillator
PD0-OSC_IN.Signal=RCC_OSC_IN
PD1-OSC_OUT.Mode=HSE-External-Oscillator
PD1-OSC_OUT.Signal=RCC_OSC_OUT
ProjectManager.ProjectName=stm32f1_complex
RCC.APB1CLKDivider=RCC_HCLK_DIV2
RCC.FCLKCortexFreq_Value=72000000
RCC.HCLKFreq_Value=72000000
RCC.PLLCLKFreq_Value=72000000
RCC.PLLMUL=RCC_PLL_MUL9
RCC.PLLSourceVirtual=RCC_PLLSOURCE_HSE
RCC.SYSCLKFreq_VALUE=72000000
RCC.SYSCLKSource=RCC_SYSCLKSOURCE_PLLCLK
ADC1.Channel-0\#ChannelRegularConversion=ADC_CHANNEL_0
ADC1.IPParameters=Channel-0\#ChannelRegularConversion,Rank-0\#ChannelRegularConversion,SamplingTime-0\#ChannelRegularConversion
ADC1.Rank-0\#ChannelRegularConversion=1
ADC1.SamplingTime-0\#ChannelRegularConversion=ADC_SAMPLETIME_13CYCLES_5
I2C1.I2C_Speed_Mode=I2C_Fast
I2C1.IPParameters=I2C_Speed_Mode
SPI1.BaudRatePrescaler=SPI_BAUDRATEPRESCALER_8
SPI1.CLKPhase=SPI_PHASE_2EDGE
SPI1.CLKPolarity=SPI_POLARITY_HIGH
SPI1.DataSize=SPI_DATASIZE_16BIT
SPI1.Direction=SPI_DIRECTION_2LINES
SPI1.IPParameters=Mode,Direction,DataSize,CLKPolarity,CLKPhase,BaudRatePrescaler
SPI1.Mode=SPI_MODE_MASTER
TIM2.Channel-PWM\ Generation2\ CH2=TIM_CHANNEL_2
TIM2.IPParameters=Channel-PWM Generation2 CH2,Prescaler,Period,PulseNoDither_2
TIM2.Period=1000
TIM2.Prescaler=72-1
TIM2.PulseNoDither_2=250
USART1.BaudRate=115200
USART1.IPParameters=VirtualMode-Asynchronous,BaudRate,Parity,StopBits
USART1.Parity=UART_PARITY_NONE
USART1.StopBits=UART_STOPBITS_1
USART1.VirtualMode-Asynchronous=VM_ASYNC
VP_SYS_VS_Systick.Mode=SysTick
VP_SYS_VS_Systick.Signal=SYS_VS_Systick
